
Microsoft Visual Studio Solution File, Format Version 12.00
# Visual Studio 15
VisualStudioVersion = 15.0.26124.0
MinimumVisualStudioVersion = 15.0.26124.0
Project("{F2A71F9B-5D33-465A-A702-920D77279786}") = "stalin-sort", "stalin-sort\stalin-sort.fsproj", "{0EEBA97A-F776-4E14-AC59-5DFFE1EACFC6}"
EndProject
Project("{F2A71F9B-5D33-465A-A702-920D77279786}") = "stalin-sort.tests", "stalin-sort.tests\stalin-sort.tests.fsproj", "{FAA4CA87-6529-430C-835D-54B42018EB59}"
EndProject
Global
	GlobalSection(SolutionConfigurationPlatforms) = preSolution
		Debug|Any CPU = Debug|Any CPU
		Debug|x64 = Debug|x64
		Debug|x86 = Debug|x86
		Release|Any CPU = Release|Any CPU
		Release|x64 = Release|x64
		Release|x86 = Release|x86
	EndGlobalSection
	GlobalSection(SolutionProperties) = preSolution
		HideSolutionNode = FALSE
	EndGlobalSection
	GlobalSection(ProjectConfigurationPlatforms) = postSolution
		{0EEBA97A-F776-4E14-AC59-5DFFE1EACFC6}.Debug|Any CPU.ActiveCfg = Debug|Any CPU
		{0EEBA97A-F776-4E14-AC59-5DFFE1EACFC6}.Debug|Any CPU.Build.0 = Debug|Any CPU
		{0EEBA97A-F776-4E14-AC59-5DFFE1EACFC6}.Debug|x64.ActiveCfg = Debug|Any CPU
		{0EEBA97A-F776-4E14-AC59-5DFFE1EACFC6}.Debug|x64.Build.0 = Debug|Any CPU
		{0EEBA97A-F776-4E14-AC59-5DFFE1EACFC6}.Debug|x86.ActiveCfg = Debug|Any CPU
		{0EEBA97A-F776-4E14-AC59-5DFFE1EACFC6}.Debug|x86.Build.0 = Debug|Any CPU
		{0EEBA97A-F776-4E14-AC59-5DFFE1EACFC6}.Release|Any CPU.ActiveCfg = Release|Any CPU
		{0EEBA97A-F776-4E14-AC59-5DFFE1EACFC6}.Release|Any CPU.Build.0 = Release|Any CPU
		{0EEBA97A-F776-4E14-AC59-5DFFE1EACFC6}.Release|x64.ActiveCfg = Release|Any CPU
		{0EEBA97A-F776-4E14-AC59-5DFFE1EACFC6}.Release|x64.Build.0 = Release|Any CPU
		{0EEBA97A-F776-4E14-AC59-5DFFE1EACFC6}.Release|x86.ActiveCfg = Release|Any CPU
		{0EEBA97A-F776-4E14-AC59-5DFFE1EACFC6}.Release|x86.Build.0 = Release|Any CPU
		{FAA4CA87-6529-430C-835D-54B42018EB59}.Debug|Any CPU.ActiveCfg = Debug|Any CPU
		{FAA4CA87-6529-430C-835D-54B42018EB59}.Debug|Any CPU.Build.0 = Debug|Any CPU
		{FAA4CA87-6529-430C-835D-54B42018EB59}.Debug|x64.ActiveCfg = Debug|Any CPU
		{FAA4CA87-6529-430C-835D-54B42018EB59}.Debug|x64.Build.0 = Debug|Any CPU
		{FAA4CA87-6529-430C-835D-54B42018EB59}.Debug|x86.ActiveCfg = Debug|Any CPU
		{FAA4CA87-6529-430C-835D-54B42018EB59}.Debug|x86.Build.0 = Debug|Any CPU
		{FAA4CA87-6529-430C-835D-54B42018EB59}.Release|Any CPU.ActiveCfg = Release|Any CPU
		{FAA4CA87-6529-430C-835D-54B42018EB59}.Release|Any CPU.Build.0 = Release|Any CPU
		{FAA4CA87-6529-430C-835D-54B42018EB59}.Release|x64.ActiveCfg = Release|Any CPU
		{FAA4CA87-6529-430C-835D-54B42018EB59}.Release|x64.Build.0 = Release|Any CPU
		{FAA4CA87-6529-430C-835D-54B42018EB59}.Release|x86.ActiveCfg = Release|Any CPU
		{FAA4CA87-6529-430C-835D-54B42018EB59}.Release|x86.Build.0 = Release|Any CPU
	EndGlobalSection
EndGlobal
